// !$*UTF8*$!
{
	archiveVersion = 1;
	classes = {
	};
	objectVersion = 46;
	objects = {

/* Begin PBXBuildFile section */
		C920741C1E69E08000E1C067 /* AppDelegate.swift in Sources */ = {isa = PBXBuildFile; fileRef = C920741B1E69E08000E1C067 /* AppDelegate.swift */; };
		C920741E1E69E08000E1C067 /* ViewController.swift in Sources */ = {isa = PBXBuildFile; fileRef = C920741D1E69E08000E1C067 /* ViewController.swift */; };
		C92074211E69E08000E1C067 /* Main.storyboard in Resources */ = {isa = PBXBuildFile; fileRef = C920741F1E69E08000E1C067 /* Main.storyboard */; };
		C92074231E69E08000E1C067 /* Assets.xcassets in Resources */ = {isa = PBXBuildFile; fileRef = C92074221E69E08000E1C067 /* Assets.xcassets */; };
		C92074261E69E08000E1C067 /* LaunchScreen.storyboard in Resources */ = {isa = PBXBuildFile; fileRef = C92074241E69E08000E1C067 /* LaunchScreen.storyboard */; };
		C920742F1E69E09300E1C067 /* Swift Language.pdf in Resources */ = {isa = PBXBuildFile; fileRef = C920742E1E69E09300E1C067 /* Swift Language.pdf */; };
/* End PBXBuildFile section */

/* Begin PBXFileReference section */
		C92074181E69E08000E1C067 /* OpenPDF.app */ = {isa = PBXFileReference; explicitFileType = wrapper.application; includeInIndex = 0; path = OpenPDF.app; sourceTree = BUILT_PRODUCTS_DIR; };
		C920741B1E69E08000E1C067 /* AppDelegate.swift */ = {isa = PBXFileReference; lastKnownFileType = sourcecode.swift; path = AppDelegate.swift; sourceTree = "<group>"; };
		C920741D1E69E08000E1C067 /* ViewController.swift */ = {isa = PBXFileReference; lastKnownFileType = sourcecode.swift; path = ViewController.swift; sourceTree = "<group>"; };
		C92074201E69E08000E1C067 /* Base */ = {isa = PBXFileReference; lastKnownFileType = file.storyboard; name = Base; path = Base.lproj/Main.storyboard; sourceTree = "<group>"; };
		C92074221E69E08000E1C067 /* Assets.xcassets */ = {isa = PBXFileReference; lastKnownFileType = folder.assetcatalog; path = Assets.xcassets; sourceTree = "<group>"; };
		C92074251E69E08000E1C067 /* Base */ = {isa = PBXFileReference; lastKnownFileType = file.storyboard; name = Base; path = Base.lproj/LaunchScreen.storyboard; sourceTree = "<group>"; };
		C92074271E69E08000E1C067 /* Info.plist */ = {isa = PBXFileReference; lastKnownFileType = text.plist.xml; path = Info.plist; sourceTree = "<group>"; };
		C920742E1E69E09300E1C067 /* Swift Language.pdf */ = {isa = PBXFileReference; lastKnownFileType = image.pdf; path = "Swift Language.pdf"; sourceTree = "<group>"; };
/* End PBXFileReference section */

/* Begin PBXFrameworksBuildPhase section */
		C92074151E69E08000E1C067 /* Frameworks */ = {
			isa = PBXFrameworksBuildPhase;
			buildActionMask = 2147483647;
			files = (
			);
			runOnlyForDeploymentPostprocessing = 0;
		};
/* End PBXFrameworksBuildPhase section */

/* Begin PBXGroup section */
		C920740F1E69E07F00E1C067 = {
			isa = PBXGroup;
			children = (
				C920741A1E69E08000E1C067 /* OpenPDF */,
				C92074191E69E08000E1C067 /* Products */,
			);
			sourceTree = "<group>";
		};
		C92074191E69E08000E1C067 /* Products */ = {
			isa = PBXGroup;
			children = (
				C92074181E69E08000E1C067 /* OpenPDF.app */,
			);
			name = Products;
			sourceTree = "<group>";
		};
		C920741A1E69E08000E1C067 /* OpenPDF */ = {
			isa = PBXGroup;
			children = (
				C920742D1E69E08700E1C067 /* PDF */,
				C920741B1E69E08000E1C067 /* AppDelegate.swift */,
				C920741D1E69E08000E1C067 /* ViewController.swift */,
				C920741F1E69E08000E1C067 /* Main.storyboard */,
				C92074221E69E08000E1C067 /* Assets.xcassets */,
				C92074241E69E08000E1C067 /* LaunchScreen.storyboard */,
				C92074271E69E08000E1C067 /* Info.plist */,
			);
			path = OpenPDF;
			sourceTree = "<group>";
		};
		C920742D1E69E08700E1C067 /* PDF */ = {
			isa = PBXGroup;
			children = (
				C920742E1E69E09300E1C067 /* Swift Language.pdf */,
			);
			name = PDF;
			sourceTree = "<group>";
		};
/* End PBXGroup section */

/* Begin PBXNativeTarget section */
		C92074171E69E08000E1C067 /* OpenPDF */ = {
			isa = PBXNativeTarget;
			buildConfigurationList = C920742A1E69E08000E1C067 /* Build configuration list for PBXNativeTarget "OpenPDF" */;
			buildPhases = (
				C92074141E69E08000E1C067 /* Sources */,
				C92074151E69E08000E1C067 /* Frameworks */,
				C92074161E69E08000E1C067 /* Resources */,
			);
			buildRules = (
			);
			dependencies = (
			);
			name = OpenPDF;
			productName = OpenPDF;
			productReference = C92074181E69E08000E1C067 /* OpenPDF.app */;
			productType = "com.apple.product-type.application";
		};
/* End PBXNativeTarget section */

/* Begin PBXProject section */
		C92074101E69E07F00E1C067 /* Project object */ = {
			isa = PBXProject;
			attributes = {
				LastSwiftUpdateCheck = 0820;
				LastUpgradeCheck = 0820;
				ORGANIZATIONNAME = BriefOS;
				TargetAttributes = {
					C92074171E69E08000E1C067 = {
						CreatedOnToolsVersion = 8.2.1;
						ProvisioningStyle = Automatic;
					};
				};
			};
			buildConfigurationList = C92074131E69E07F00E1C067 /* Build configuration list for PBXProject "OpenPDF" */;
			compatibilityVersion = "Xcode 3.2";
			developmentRegion = English;
			hasScannedForEncodings = 0;
			knownRegions = (
				en,
				Base,
			);
			mainGroup = C920740F1E69E07F00E1C067;
			productRefGroup = C92074191E69E08000E1C067 /* Products */;
			projectDirPath = "";
			projectRoot = "";
			targets = (
				C92074171E69E08000E1C067 /* OpenPDF */,
			);
		};
/* End PBXProject section */

/* Begin PBXResourcesBuildPhase section */
		C92074161E69E08000E1C067 /* Resources */ = {
			isa = PBXResourcesBuildPhase;
			buildActionMask = 2147483647;
			files = (
				C92074261E69E08000E1C067 /* LaunchScreen.storyboard in Resources */,
				C92074231E69E08000E1C067 /* Assets.xcassets in Resources */,
				C92074211E69E08000E1C067 /* Main.storyboard in Resources */,
				C920742F1E69E09300E1C067 /* Swift Language.pdf in Resources */,
			);
			runOnlyForDeploymentPostprocessing = 0;
		};
/* End PBXResourcesBuildPhase section */

/* Begin PBXSourcesBuildPhase section */
		C92074141E69E08000E1C067 /* Sources */ = {
			isa = PBXSourcesBuildPhase;
			buildActionMask = 2147483647;
			files = (
				C920741E1E69E08000E1C067 /* ViewController.swift in Sources */,
				C920741C1E69E08000E1C067 /* AppDelegate.swift in Sources */,
			);
			runOnlyForDeploymentPostprocessing = 0;
		};
/* End PBXSourcesBuildPhase section */

/* Begin PBXVariantGroup section */
		C920741F1E69E08000E1C067 /* Main.storyboard */ = {
			isa = PBXVariantGroup;
			children = (
				C92074201E69E08000E1C067 /* Base */,
			);
			name = Main.storyboard;
			sourceTree = "<group>";
		};
		C92074241E69E08000E1C067 /* LaunchScreen.storyboard */ = {
			isa = PBXVariantGroup;
			children = (
				C92074251E69E08000E1C067 /* Base */,
			);
			name = LaunchScreen.storyboard;
			sourceTree = "<group>";
		};
/* End PBXVariantGroup section */

/* Begin XCBuildConfiguration section */
		C92074281E69E08000E1C067 /* Debug */ = {
			isa = XCBuildConfiguration;
			buildSettings = {
				ALWAYS_SEARCH_USER_PATHS = NO;
				CLANG_ANALYZER_NONNULL = YES;
				CLANG_CXX_LANGUAGE_STANDARD = "gnu++0x";
				CLANG_CXX_LIBRARY = "libc++";
				CLANG_ENABLE_MODULES = YES;
				CLANG_ENABLE_OBJC_ARC = YES;
				CLANG_WARN_BOOL_CONVERSION = YES;
				CLANG_WARN_CONSTANT_CONVERSION = YES;
				CLANG_WARN_DIRECT_OBJC_ISA_USAGE = YES_ERROR;
				CLANG_WARN_DOCUMENTATION_COMMENTS = YES;
				CLANG_WARN_EMPTY_BODY = YES;
				CLANG_WARN_ENUM_CONVERSION = YES;
				CLANG_WARN_INFINITE_RECURSION = YES;
				CLANG_WARN_INT_CONVERSION = YES;
				CLANG_WARN_OBJC_ROOT_CLASS = YES_ERROR;
				CLANG_WARN_SUSPICIOUS_MOVE = YES;
				CLANG_WARN_UNREACHABLE_CODE = YES;
				CLANG_WARN__DUPLICATE_METHOD_MATCH = YES;
				"CODE_SIGN_IDENTITY[sdk=iphoneos*]" = "iPhone Developer";
				COPY_PHASE_STRIP = NO;
				DEBUG_INFORMATION_FORMAT = dwarf;
				ENABLE_STRICT_OBJC_MSGSEND = YES;
				ENABLE_TESTABILITY = YES;
				GCC_C_LANGUAGE_STANDARD = gnu99;
				GCC_DYNAMIC_NO_PIC = NO;
				GCC_NO_COMMON_BLOCKS = YES;
				GCC_OPTIMIZATION_LEVEL = 0;
				GCC_PREPROCESSOR_DEFINITIONS = (
					"DEBUG=1",
					"$(inherited)",
				);
				GCC_WARN_64_TO_32_BIT_CONVERSION = YES;
				GCC_WARN_ABOUT_RETURN_TYPE = YES_ERROR;
				GCC_WARN_UNDECLARED_SELECTOR = YES;
				GCC_WARN_UNINITIALIZED_AUTOS = YES_AGGRESSIVE;
				GCC_WARN_UNUSED_FUNCTION = YES;
				GCC_WARN_UNUSED_VARIABLE = YES;
				IPHONEOS_DEPLOYMENT_TARGET = 10.2;
				MTL_ENABLE_DEBUG_INFO = YES;
				ONLY_ACTIVE_ARCH = YES;
				SDKROOT = iphoneos;
				SWIFT_ACTIVE_COMPILATION_CONDITIONS = DEBUG;
				SWIFT_OPTIMIZATION_LEVEL = "-Onone";
				TARGETED_DEVICE_FAMILY = "1,2";
			};
			name = Debug;
		};
		C92074291E69E08000E1C067 /* Release */ = {
			isa = XCBuildConfiguration;
			buildSettings = {
				ALWAYS_SEARCH_USER_PATHS = NO;
				CLANG_ANALYZER_NONNULL = YES;
				CLANG_CXX_LANGUAGE_STANDARD = "gnu++0x";
				CLANG_CXX_LIBRARY = "libc++";
				CLANG_ENABLE_MODULES = YES;
				CLANG_ENABLE_OBJC_ARC = YES;
				CLANG_WARN_BOOL_CONVERSION = YES;
				CLANG_WARN_CONSTANT_CONVERSION = YES;
				CLANG_WARN_DIRECT_OBJC_ISA_USAGE = YES_ERROR;
				CLANG_WARN_DOCUMENTATION_COMMENTS = YES;
				CLANG_WARN_EMPTY_BODY = YES;
				CLANG_WARN_ENUM_CONVERSION = YES;
				CLANG_WARN_INFINITE_RECURSION = YES;
				CLANG_WARN_INT_CONVERSION = YES;
				CLANG_WARN_OBJC_ROOT_CLASS = YES_ERROR;
				CLANG_WARN_SUSPICIOUS_MOVE = YES;
				CLANG_WARN_UNREACHABLE_CODE = YES;
				CLANG_WARN__DUPLICATE_METHOD_MATCH = YES;
				"CODE_SIGN_IDENTITY[sdk=iphoneos*]" = "iPhone Developer";
				COPY_PHASE_STRIP = NO;
				DEBUG_INFORMATION_FORMAT = "dwarf-with-dsym";
				ENABLE_NS_ASSERTIONS = NO;
				ENABLE_STRICT_OBJC_MSGSEND = YES;
				GCC_C_LANGUAGE_STANDARD = gnu99;
				GCC_NO_COMMON_BLOCKS = YES;
				GCC_WARN_64_TO_32_BIT_CONVERSION = YES;
				GCC_WARN_ABOUT_RETURN_TYPE = YES_ERROR;
				GCC_WARN_UNDECLARED_SELECTOR = YES;
				GCC_WARN_UNINITIALIZED_AUTOS = YES_AGGRESSIVE;
				GCC_WARN_UNUSED_FUNCTION = YES;
				GCC_WARN_UNUSED_VARIABLE = YES;
				IPHONEOS_DEPLOYMENT_TARGET = 10.2;
				MTL_ENABLE_DEBUG_INFO = NO;
				SDKROOT = iphoneos;
				SWIFT_OPTIMIZATION_LEVEL = "-Owholemodule";
				TARGETED_DEVICE_FAMILY = "1,2";
				VALIDATE_PRODUCT = YES;
			};
			name = Release;
		};
		C920742B1E69E08000E1C067 /* Debug */ = {
			isa = XCBuildConfiguration;
			buildSettings = {
				ASSETCATALOG_COMPILER_APPICON_NAME = AppIcon;
				INFOPLIST_FILE = OpenPDF/Info.plist;
				LD_RUNPATH_SEARCH_PATHS = "$(inherited) @executable_path/Frameworks";
				PRODUCT_BUNDLE_IDENTIFIER = com.briefos.OpenPDF;
				PRODUCT_NAME = "$(TARGET_NAME)";
				SWIFT_VERSION = 3.0;
			};
			name = Debug;
		};
		C920742C1E69E08000E1C067 /* Release */ = {
			isa = XCBuildConfiguration;
			buildSettings = {
				ASSETCATALOG_COMPILER_APPICON_NAME = AppIcon;
				INFOPLIST_FILE = OpenPDF/Info.plist;
				LD_RUNPATH_SEARCH_PATHS = "$(inherited) @executable_path/Frameworks";
				PRODUCT_BUNDLE_IDENTIFIER = com.briefos.OpenPDF;
				PRODUCT_NAME = "$(TARGET_NAME)";
				SWIFT_VERSION = 3.0;
			};
			name = Release;
		};
/* End XCBuildConfiguration section */

/* Begin XCConfigurationList section */
		C92074131E69E07F00E1C067 /* Build configuration list for PBXProject "OpenPDF" */ = {
			isa = XCConfigurationList;
			buildConfigurations = (
				C92074281E69E08000E1C067 /* Debug */,
				C92074291E69E08000E1C067 /* Release */,
			);
			defaultConfigurationIsVisible = 0;
			defaultConfigurationName = Release;
		};
		C920742A1E69E08000E1C067 /* Build configuration list for PBXNativeTarget "OpenPDF" */ = {
			isa = XCConfigurationList;
			buildConfigurations = (
				C920742B1E69E08000E1C067 /* Debug */,
				C920742C1E69E08000E1C067 /* Release */,
			);
			defaultConfigurationIsVisible = 0;
		};
/* End XCConfigurationList section */
	};
	rootObject = C92074101E69E07F00E1C067 /* Project object */;
}
